{
  "name": "@rgba-image/png",
  "version": "0.1.1",
  "lockfileVersion": 2,
  "requires": true,
  "packages": {
    "": {
      "name": "@rgba-image/png",
      "version": "0.1.1",
      "license": "MIT",
      "dependencies": {
        "@rgba-image/common": "^0.1.13",
        "@rgba-image/create-image": "^0.2.0",
        "pngjs": "^6.0.0"
      },
      "devDependencies": {
        "@types/mocha": "^9.0.0",
        "@types/node": "^16.6.1",
        "@types/pngjs": "^6.0.1"
      }
    },
    "node_modules/@rgba-image/common": {
      "version": "0.1.13",
      "resolved": "https://registry.npmjs.org/@rgba-image/common/-/common-0.1.13.tgz",
      "integrity": "sha512-AnOBmBpjSgcymTuVhTGy+RB4FfmEQqR2GeJY3d3xfvR9fl3HfhzwgVqopuh3bKSAT6KRpJr7wNmug0qr3oI7bA=="
    },
    "node_modules/@rgba-image/create-image": {
      "version": "0.2.0",
      "resolved": "https://registry.npmjs.org/@rgba-image/create-image/-/create-image-0.2.0.tgz",
      "integrity": "sha512-NX7ZGFxvRIEqmTBiwoHQxRHv/Evq2RUjbI+4kuEnFhIsFmr7v7QDzt2n1qulcTAkBudx6m6H5OycRKFsEx+s4g==",
      "dependencies": {
        "@rgba-image/common": "^0.1.13"
      }
    },
    "node_modules/@types/mocha": {
      "version": "9.0.0",
      "resolved": "https://registry.npmjs.org/@types/mocha/-/mocha-9.0.0.tgz",
      "integrity": "sha512-scN0hAWyLVAvLR9AyW7HoFF5sJZglyBsbPuHO4fv7JRvfmPBMfp1ozWqOf/e4wwPNxezBZXRfWzMb6iFLgEVRA==",
      "dev": true
    },
    "node_modules/@types/node": {
      "version": "16.6.1",
      "resolved": "https://registry.npmjs.org/@types/node/-/node-16.6.1.tgz",
      "integrity": "sha512-Sr7BhXEAer9xyGuCN3Ek9eg9xPviCF2gfu9kTfuU2HkTVAMYSDeX40fvpmo72n5nansg3nsBjuQBrsS28r+NUw==",
      "dev": true
    },
    "node_modules/@types/pngjs": {
      "version": "6.0.1",
      "resolved": "https://registry.npmjs.org/@types/pngjs/-/pngjs-6.0.1.tgz",
      "integrity": "sha512-J39njbdW1U/6YyVXvC9+1iflZghP8jgRf2ndYghdJb5xL49LYDB+1EuAxfbuJ2IBbWIL3AjHPQhgaTxT3YaYeg==",
      "dev": true,
      "dependencies": {
        "@types/node": "*"
      }
    },
    "node_modules/pngjs": {
      "version": "6.0.0",
      "resolved": "https://registry.npmjs.org/pngjs/-/pngjs-6.0.0.tgz",
      "integrity": "sha512-TRzzuFRRmEoSW/p1KVAmiOgPco2Irlah+bGFCeNfJXxxYGwSw7YwAOAcd7X28K/m5bjBWKsC29KyoMfHbypayg==",
      "engines": {
        "node": ">=12.13.0"
      }
    }
  },
  "dependencies": {
    "@rgba-image/common": {
      "version": "0.1.13",
      "resolved": "https://registry.npmjs.org/@rgba-image/common/-/common-0.1.13.tgz",
      "integrity": "sha512-AnOBmBpjSgcymTuVhTGy+RB4FfmEQqR2GeJY3d3xfvR9fl3HfhzwgVqopuh3bKSAT6KRpJr7wNmug0qr3oI7bA=="
    },
    "@rgba-image/create-image": {
      "version": "0.2.0",
      "resolved": "https://registry.npmjs.org/@rgba-image/create-image/-/create-image-0.2.0.tgz",
      "integrity": "sha512-NX7ZGFxvRIEqmTBiwoHQxRHv/Evq2RUjbI+4kuEnFhIsFmr7v7QDzt2n1qulcTAkBudx6m6H5OycRKFsEx+s4g==",
      "requires": {
        "@rgba-image/common": "^0.1.13"
      }
    },
    "@types/mocha": {
      "version": "9.0.0",
      "resolved": "https://registry.npmjs.org/@types/mocha/-/mocha-9.0.0.tgz",
      "integrity": "sha512-scN0hAWyLVAvLR9AyW7HoFF5sJZglyBsbPuHO4fv7JRvfmPBMfp1ozWqOf/e4wwPNxezBZXRfWzMb6iFLgEVRA==",
      "dev": true
    },
    "@types/node": {
      "version": "16.6.1",
      "resolved": "https://registry.npmjs.org/@types/node/-/node-16.6.1.tgz",
      "integrity": "sha512-Sr7BhXEAer9xyGuCN3Ek9eg9xPviCF2gfu9kTfuU2HkTVAMYSDeX40fvpmo72n5nansg3nsBjuQBrsS28r+NUw==",
      "dev": true
    },
    "@types/pngjs": {
      "version": "6.0.1",
      "resolved": "https://registry.npmjs.org/@types/pngjs/-/pngjs-6.0.1.tgz",
      "integrity": "sha512-J39njbdW1U/6YyVXvC9+1iflZghP8jgRf2ndYghdJb5xL49LYDB+1EuAxfbuJ2IBbWIL3AjHPQhgaTxT3YaYeg==",
      "dev": true,
      "requires": {
        "@types/node": "*"
      }
    },
    "pngjs": {
      "version": "6.0.0",
      "resolved": "https://registry.npmjs.org/pngjs/-/pngjs-6.0.0.tgz",
      "integrity": "sha512-TRzzuFRRmEoSW/p1KVAmiOgPco2Irlah+bGFCeNfJXxxYGwSw7YwAOAcd7X28K/m5bjBWKsC29KyoMfHbypayg=="
    }
  }
}
