{
  "name": "@rgba-image/png",
  "version": "0.1.0",
  "lockfileVersion": 1,
  "requires": true,
  "dependencies": {
    "@rgba-image/common": {
      "version": "0.1.0",
      "resolved": "https://registry.npmjs.org/@rgba-image/common/-/common-0.1.0.tgz",
      "integrity": "sha512-6PfE6IdNmGh+9WbbUsyFXv4MCOfR3hLkPnhwiKokhTDk36WSYSld1IkLBHQCOHSePRV8kSb7G1qYAy46jDMuHg=="
    },
    "@rgba-image/create-image": {
      "version": "0.1.1",
      "resolved": "https://registry.npmjs.org/@rgba-image/create-image/-/create-image-0.1.1.tgz",
      "integrity": "sha512-ndExUNyi9Ooa/OZqiJS53vYrQ48FX7MDmMrEslDxhsorDsXpeKI9w689r4AYhT9CF9KZlBe8SmI++3BwSvvwAQ==",
      "requires": {
        "@rgba-image/common": "^0.1.0"
      }
    },
    "@types/mocha": {
      "version": "5.2.5",
      "resolved": "https://registry.npmjs.org/@types/mocha/-/mocha-5.2.5.tgz",
      "integrity": "sha512-lAVp+Kj54ui/vLUFxsJTMtWvZraZxum3w3Nwkble2dNuV5VnPA+Mi2oGX9XYJAaIvZi3tn3cbjS/qcJXRb6Bww==",
      "dev": true
    },
    "@types/node": {
      "version": "10.12.1",
      "resolved": "https://registry.npmjs.org/@types/node/-/node-10.12.1.tgz",
      "integrity": "sha512-i1sl+WCX2OCHeUi9oi7PiCNUtYFrpWhpcx878vpeq/tlZTKzcFdHePlyFHVbWqeuKN0SRPl/9ZFDSTsfv9h7VQ==",
      "dev": true
    },
    "@types/pngjs": {
      "version": "3.3.2",
      "resolved": "https://registry.npmjs.org/@types/pngjs/-/pngjs-3.3.2.tgz",
      "integrity": "sha512-/SBsv93rVnjByzcau24rBwb+N7BHFp2LateaXz1e7m7M0Wzck/ymXTNdWVrCtkuMbwTHAnfdc3X/I/5szsTEAA==",
      "dev": true,
      "requires": {
        "@types/node": "*"
      }
    },
    "pngjs": {
      "version": "3.3.3",
      "resolved": "https://registry.npmjs.org/pngjs/-/pngjs-3.3.3.tgz",
      "integrity": "sha512-1n3Z4p3IOxArEs1VRXnZ/RXdfEniAUS9jb68g58FIXMNkPJeZd+Qh4Uq7/e0LVxAQGos1eIUrqrt4FpjdnEd+Q=="
    }
  }
}
